<?xml version="1.0" encoding="utf-8"?>
<Project ToolsVersion="17.0" xmlns="http://schemas.microsoft.com/developer/msbuild/2003">
  <ItemGroup>
    <ClCompile Include="D:\estudio\libredwg-master\programs\dwgread.c">
      <Filter>Source Files</Filter>
    </ClCompile>
    <ClCompile Include="D:\estudio\libredwg-master\programs\getopt.c">
      <Filter>Source Files</Filter>
    </ClCompile>
  </ItemGroup>
  <ItemGroup>
    <CustomBuild Include="D:\estudio\libredwg-master\CMakeLists.txt" />
  </ItemGroup>
  <ItemGroup>
    <Filter Include="Source Files">
      <UniqueIdentifier>{47EC9A8E-6D5B-3E04-BF83-9FE92F7487B8}</UniqueIdentifier>
    </Filter>
  </ItemGroup>
</Project>
