
Microsoft Visual Studio Solution File, Format Version 12.00
# Visual Studio Version 17
Project("{2150E333-8FDC-42A3-9474-1A3956D46DE8}") = "CMakePredefinedTargets", "CMakePredefinedTargets", "{1D9796D2-F815-31DA-90C7-7A87674845A9}"
EndProject
Project("{2150E333-8FDC-42A3-9474-1A3956D46DE8}") = "CTestDashboardTargets", "CTestDashboardTargets", "{01564C93-8ADD-3C70-AF97-7E747E755F78}"
EndProject
Project("{8BC9CEB8-8B4A-11D0-8D11-00A0C91BC942}") = "ALL_BUILD", "ALL_BUILD.vcxproj", "{88EDBD66-4A45-375D-933D-4883B8914BB7}"
	ProjectSection(ProjectDependencies) = postProject
		{BC82A09D-70F4-302C-BE73-C4AEC37C535E} = {BC82A09D-70F4-302C-BE73-C4AEC37C535E}
		{A6688518-65E5-33DC-A5D8-AA63764E0988} = {A6688518-65E5-33DC-A5D8-AA63764E0988}
		{5D90A1F3-2ACA-3FB3-B99C-C1CB53FB9A78} = {5D90A1F3-2ACA-3FB3-B99C-C1CB53FB9A78}
		{1240E14D-2D90-3149-AD96-A97797849163} = {1240E14D-2D90-3149-AD96-A97797849163}
		{C3A0AF70-A574-337B-9E60-7029C8F312B2} = {C3A0AF70-A574-337B-9E60-7029C8F312B2}
		{75969388-D569-332D-B4C9-B87C574A0CF4} = {75969388-D569-332D-B4C9-B87C574A0CF4}
		{EC993E0F-C8DA-3D78-8243-DE437F0887E9} = {EC993E0F-C8DA-3D78-8243-DE437F0887E9}
		{071B823C-C629-35F7-B3E7-33D999CFAB92} = {071B823C-C629-35F7-B3E7-33D999CFAB92}
		{9C023907-70D0-3737-B95F-2B57D59F13B4} = {9C023907-70D0-3737-B95F-2B57D59F13B4}
		{E3543449-9268-3388-821A-F744A9A1A69F} = {E3543449-9268-3388-821A-F744A9A1A69F}
		{8FB4C1E3-7BC0-3451-B46B-A2686B4727D4} = {8FB4C1E3-7BC0-3451-B46B-A2686B4727D4}
		{9CE41D98-A79E-302B-A6DB-CDCB63125475} = {9CE41D98-A79E-302B-A6DB-CDCB63125475}
		{E10C3B10-203C-3543-8C73-19FA54B58711} = {E10C3B10-203C-3543-8C73-19FA54B58711}
		{C3ECB059-CE83-31B7-B9ED-F55844E23F42} = {C3ECB059-CE83-31B7-B9ED-F55844E23F42}
		{451BB8B9-4B76-3C5C-A665-EA674B528575} = {451BB8B9-4B76-3C5C-A665-EA674B528575}
		{F6A61BD6-485A-3D4D-A724-63CB207ED881} = {F6A61BD6-485A-3D4D-A724-63CB207ED881}
		{A3DCE166-3700-3CAB-84FD-ABCB0DFBD24F} = {A3DCE166-3700-3CAB-84FD-ABCB0DFBD24F}
		{79A818CA-DA6D-3E03-8C30-2E2186A212A4} = {79A818CA-DA6D-3E03-8C30-2E2186A212A4}
	EndProjectSection
EndProject
Project("{8BC9CEB8-8B4A-11D0-8D11-00A0C91BC942}") = "Continuous", "Continuous.vcxproj", "{407FC197-DA10-3826-9AD5-99E723380072}"
	ProjectSection(ProjectDependencies) = postProject
		{BC82A09D-70F4-302C-BE73-C4AEC37C535E} = {BC82A09D-70F4-302C-BE73-C4AEC37C535E}
	EndProjectSection
EndProject
Project("{8BC9CEB8-8B4A-11D0-8D11-00A0C91BC942}") = "Experimental", "Experimental.vcxproj", "{356C0B46-4EAF-35CE-8570-21F9DFE590B5}"
	ProjectSection(ProjectDependencies) = postProject
		{BC82A09D-70F4-302C-BE73-C4AEC37C535E} = {BC82A09D-70F4-302C-BE73-C4AEC37C535E}
	EndProjectSection
EndProject
Project("{8BC9CEB8-8B4A-11D0-8D11-00A0C91BC942}") = "INSTALL", "INSTALL.vcxproj", "{DB5D9468-98CE-3D0D-B83F-5E3FBA02CABB}"
	ProjectSection(ProjectDependencies) = postProject
		{88EDBD66-4A45-375D-933D-4883B8914BB7} = {88EDBD66-4A45-375D-933D-4883B8914BB7}
		{BC82A09D-70F4-302C-BE73-C4AEC37C535E} = {BC82A09D-70F4-302C-BE73-C4AEC37C535E}
	EndProjectSection
EndProject
Project("{8BC9CEB8-8B4A-11D0-8D11-00A0C91BC942}") = "Nightly", "Nightly.vcxproj", "{80243B10-A900-3D5A-B4FC-EF78B24A2818}"
	ProjectSection(ProjectDependencies) = postProject
		{BC82A09D-70F4-302C-BE73-C4AEC37C535E} = {BC82A09D-70F4-302C-BE73-C4AEC37C535E}
	EndProjectSection
EndProject
Project("{8BC9CEB8-8B4A-11D0-8D11-00A0C91BC942}") = "NightlyMemoryCheck", "NightlyMemoryCheck.vcxproj", "{027BA188-C777-31A4-B6A1-4999B364456A}"
	ProjectSection(ProjectDependencies) = postProject
		{BC82A09D-70F4-302C-BE73-C4AEC37C535E} = {BC82A09D-70F4-302C-BE73-C4AEC37C535E}
	EndProjectSection
EndProject
Project("{8BC9CEB8-8B4A-11D0-8D11-00A0C91BC942}") = "RUN_TESTS", "RUN_TESTS.vcxproj", "{897BBF89-1941-395B-B861-DC19DF3CF29A}"
	ProjectSection(ProjectDependencies) = postProject
		{BC82A09D-70F4-302C-BE73-C4AEC37C535E} = {BC82A09D-70F4-302C-BE73-C4AEC37C535E}
	EndProjectSection
EndProject
Project("{8BC9CEB8-8B4A-11D0-8D11-00A0C91BC942}") = "TAGS", "TAGS.vcxproj", "{D19BCA6B-F3FC-3DED-A020-F21AD0147AC2}"
	ProjectSection(ProjectDependencies) = postProject
		{BC82A09D-70F4-302C-BE73-C4AEC37C535E} = {BC82A09D-70F4-302C-BE73-C4AEC37C535E}
	EndProjectSection
EndProject
Project("{8BC9CEB8-8B4A-11D0-8D11-00A0C91BC942}") = "ZERO_CHECK", "ZERO_CHECK.vcxproj", "{BC82A09D-70F4-302C-BE73-C4AEC37C535E}"
	ProjectSection(ProjectDependencies) = postProject
	EndProjectSection
EndProject
Project("{8BC9CEB8-8B4A-11D0-8D11-00A0C91BC942}") = "add_test", "test\unit-testing\add_test.vcxproj", "{A6688518-65E5-33DC-A5D8-AA63764E0988}"
	ProjectSection(ProjectDependencies) = postProject
		{BC82A09D-70F4-302C-BE73-C4AEC37C535E} = {BC82A09D-70F4-302C-BE73-C4AEC37C535E}
		{79A818CA-DA6D-3E03-8C30-2E2186A212A4} = {79A818CA-DA6D-3E03-8C30-2E2186A212A4}
	EndProjectSection
EndProject
Project("{8BC9CEB8-8B4A-11D0-8D11-00A0C91BC942}") = "bits_test", "test\unit-testing\bits_test.vcxproj", "{5D90A1F3-2ACA-3FB3-B99C-C1CB53FB9A78}"
	ProjectSection(ProjectDependencies) = postProject
		{BC82A09D-70F4-302C-BE73-C4AEC37C535E} = {BC82A09D-70F4-302C-BE73-C4AEC37C535E}
		{79A818CA-DA6D-3E03-8C30-2E2186A212A4} = {79A818CA-DA6D-3E03-8C30-2E2186A212A4}
	EndProjectSection
EndProject
Project("{8BC9CEB8-8B4A-11D0-8D11-00A0C91BC942}") = "common_test", "test\unit-testing\common_test.vcxproj", "{1240E14D-2D90-3149-AD96-A97797849163}"
	ProjectSection(ProjectDependencies) = postProject
		{BC82A09D-70F4-302C-BE73-C4AEC37C535E} = {BC82A09D-70F4-302C-BE73-C4AEC37C535E}
		{79A818CA-DA6D-3E03-8C30-2E2186A212A4} = {79A818CA-DA6D-3E03-8C30-2E2186A212A4}
	EndProjectSection
EndProject
Project("{8BC9CEB8-8B4A-11D0-8D11-00A0C91BC942}") = "decode_test", "test\unit-testing\decode_test.vcxproj", "{C3A0AF70-A574-337B-9E60-7029C8F312B2}"
	ProjectSection(ProjectDependencies) = postProject
		{BC82A09D-70F4-302C-BE73-C4AEC37C535E} = {BC82A09D-70F4-302C-BE73-C4AEC37C535E}
		{79A818CA-DA6D-3E03-8C30-2E2186A212A4} = {79A818CA-DA6D-3E03-8C30-2E2186A212A4}
	EndProjectSection
EndProject
Project("{8BC9CEB8-8B4A-11D0-8D11-00A0C91BC942}") = "dist", "dist.vcxproj", "{34FB5A9C-D3A0-3D0B-9826-F876E924C26D}"
	ProjectSection(ProjectDependencies) = postProject
		{BC82A09D-70F4-302C-BE73-C4AEC37C535E} = {BC82A09D-70F4-302C-BE73-C4AEC37C535E}
		{79A818CA-DA6D-3E03-8C30-2E2186A212A4} = {79A818CA-DA6D-3E03-8C30-2E2186A212A4}
	EndProjectSection
EndProject
Project("{8BC9CEB8-8B4A-11D0-8D11-00A0C91BC942}") = "dwg2SVG", "dwg2SVG.vcxproj", "{75969388-D569-332D-B4C9-B87C574A0CF4}"
	ProjectSection(ProjectDependencies) = postProject
		{BC82A09D-70F4-302C-BE73-C4AEC37C535E} = {BC82A09D-70F4-302C-BE73-C4AEC37C535E}
		{79A818CA-DA6D-3E03-8C30-2E2186A212A4} = {79A818CA-DA6D-3E03-8C30-2E2186A212A4}
	EndProjectSection
EndProject
Project("{8BC9CEB8-8B4A-11D0-8D11-00A0C91BC942}") = "dwg2dxf", "dwg2dxf.vcxproj", "{EC993E0F-C8DA-3D78-8243-DE437F0887E9}"
	ProjectSection(ProjectDependencies) = postProject
		{BC82A09D-70F4-302C-BE73-C4AEC37C535E} = {BC82A09D-70F4-302C-BE73-C4AEC37C535E}
		{79A818CA-DA6D-3E03-8C30-2E2186A212A4} = {79A818CA-DA6D-3E03-8C30-2E2186A212A4}
	EndProjectSection
EndProject
Project("{8BC9CEB8-8B4A-11D0-8D11-00A0C91BC942}") = "dwgbmp", "dwgbmp.vcxproj", "{071B823C-C629-35F7-B3E7-33D999CFAB92}"
	ProjectSection(ProjectDependencies) = postProject
		{BC82A09D-70F4-302C-BE73-C4AEC37C535E} = {BC82A09D-70F4-302C-BE73-C4AEC37C535E}
		{79A818CA-DA6D-3E03-8C30-2E2186A212A4} = {79A818CA-DA6D-3E03-8C30-2E2186A212A4}
	EndProjectSection
EndProject
Project("{8BC9CEB8-8B4A-11D0-8D11-00A0C91BC942}") = "dwggrep", "dwggrep.vcxproj", "{9C023907-70D0-3737-B95F-2B57D59F13B4}"
	ProjectSection(ProjectDependencies) = postProject
		{BC82A09D-70F4-302C-BE73-C4AEC37C535E} = {BC82A09D-70F4-302C-BE73-C4AEC37C535E}
		{79A818CA-DA6D-3E03-8C30-2E2186A212A4} = {79A818CA-DA6D-3E03-8C30-2E2186A212A4}
	EndProjectSection
EndProject
Project("{8BC9CEB8-8B4A-11D0-8D11-00A0C91BC942}") = "dwglayers", "dwglayers.vcxproj", "{E3543449-9268-3388-821A-F744A9A1A69F}"
	ProjectSection(ProjectDependencies) = postProject
		{BC82A09D-70F4-302C-BE73-C4AEC37C535E} = {BC82A09D-70F4-302C-BE73-C4AEC37C535E}
		{79A818CA-DA6D-3E03-8C30-2E2186A212A4} = {79A818CA-DA6D-3E03-8C30-2E2186A212A4}
	EndProjectSection
EndProject
Project("{8BC9CEB8-8B4A-11D0-8D11-00A0C91BC942}") = "dwgread", "dwgread.vcxproj", "{8FB4C1E3-7BC0-3451-B46B-A2686B4727D4}"
	ProjectSection(ProjectDependencies) = postProject
		{BC82A09D-70F4-302C-BE73-C4AEC37C535E} = {BC82A09D-70F4-302C-BE73-C4AEC37C535E}
		{79A818CA-DA6D-3E03-8C30-2E2186A212A4} = {79A818CA-DA6D-3E03-8C30-2E2186A212A4}
	EndProjectSection
EndProject
Project("{8BC9CEB8-8B4A-11D0-8D11-00A0C91BC942}") = "dwgrewrite", "dwgrewrite.vcxproj", "{9CE41D98-A79E-302B-A6DB-CDCB63125475}"
	ProjectSection(ProjectDependencies) = postProject
		{BC82A09D-70F4-302C-BE73-C4AEC37C535E} = {BC82A09D-70F4-302C-BE73-C4AEC37C535E}
		{79A818CA-DA6D-3E03-8C30-2E2186A212A4} = {79A818CA-DA6D-3E03-8C30-2E2186A212A4}
	EndProjectSection
EndProject
Project("{8BC9CEB8-8B4A-11D0-8D11-00A0C91BC942}") = "dwgwrite", "dwgwrite.vcxproj", "{E10C3B10-203C-3543-8C73-19FA54B58711}"
	ProjectSection(ProjectDependencies) = postProject
		{BC82A09D-70F4-302C-BE73-C4AEC37C535E} = {BC82A09D-70F4-302C-BE73-C4AEC37C535E}
		{79A818CA-DA6D-3E03-8C30-2E2186A212A4} = {79A818CA-DA6D-3E03-8C30-2E2186A212A4}
	EndProjectSection
EndProject
Project("{8BC9CEB8-8B4A-11D0-8D11-00A0C91BC942}") = "dxf2dwg", "dxf2dwg.vcxproj", "{C3ECB059-CE83-31B7-B9ED-F55844E23F42}"
	ProjectSection(ProjectDependencies) = postProject
		{BC82A09D-70F4-302C-BE73-C4AEC37C535E} = {BC82A09D-70F4-302C-BE73-C4AEC37C535E}
		{79A818CA-DA6D-3E03-8C30-2E2186A212A4} = {79A818CA-DA6D-3E03-8C30-2E2186A212A4}
	EndProjectSection
EndProject
Project("{8BC9CEB8-8B4A-11D0-8D11-00A0C91BC942}") = "dxf_test", "test\unit-testing\dxf_test.vcxproj", "{451BB8B9-4B76-3C5C-A665-EA674B528575}"
	ProjectSection(ProjectDependencies) = postProject
		{BC82A09D-70F4-302C-BE73-C4AEC37C535E} = {BC82A09D-70F4-302C-BE73-C4AEC37C535E}
		{79A818CA-DA6D-3E03-8C30-2E2186A212A4} = {79A818CA-DA6D-3E03-8C30-2E2186A212A4}
	EndProjectSection
EndProject
Project("{8BC9CEB8-8B4A-11D0-8D11-00A0C91BC942}") = "dynapi_test", "test\unit-testing\dynapi_test.vcxproj", "{F6A61BD6-485A-3D4D-A724-63CB207ED881}"
	ProjectSection(ProjectDependencies) = postProject
		{BC82A09D-70F4-302C-BE73-C4AEC37C535E} = {BC82A09D-70F4-302C-BE73-C4AEC37C535E}
		{79A818CA-DA6D-3E03-8C30-2E2186A212A4} = {79A818CA-DA6D-3E03-8C30-2E2186A212A4}
	EndProjectSection
EndProject
Project("{8BC9CEB8-8B4A-11D0-8D11-00A0C91BC942}") = "hash_test", "test\unit-testing\hash_test.vcxproj", "{A3DCE166-3700-3CAB-84FD-ABCB0DFBD24F}"
	ProjectSection(ProjectDependencies) = postProject
		{BC82A09D-70F4-302C-BE73-C4AEC37C535E} = {BC82A09D-70F4-302C-BE73-C4AEC37C535E}
		{79A818CA-DA6D-3E03-8C30-2E2186A212A4} = {79A818CA-DA6D-3E03-8C30-2E2186A212A4}
	EndProjectSection
EndProject
Project("{8BC9CEB8-8B4A-11D0-8D11-00A0C91BC942}") = "libredwg", "libredwg.vcxproj", "{79A818CA-DA6D-3E03-8C30-2E2186A212A4}"
	ProjectSection(ProjectDependencies) = postProject
		{BC82A09D-70F4-302C-BE73-C4AEC37C535E} = {BC82A09D-70F4-302C-BE73-C4AEC37C535E}
	EndProjectSection
EndProject
Project("{8BC9CEB8-8B4A-11D0-8D11-00A0C91BC942}") = "regen-dynapi", "regen-dynapi.vcxproj", "{7A848C8E-3B8C-33EF-A569-5BB0C2DE2F46}"
	ProjectSection(ProjectDependencies) = postProject
		{BC82A09D-70F4-302C-BE73-C4AEC37C535E} = {BC82A09D-70F4-302C-BE73-C4AEC37C535E}
	EndProjectSection
EndProject
Project("{8BC9CEB8-8B4A-11D0-8D11-00A0C91BC942}") = "regen-gperf", "regen-gperf.vcxproj", "{C738990F-65D9-319C-A988-ADE0C301CC28}"
	ProjectSection(ProjectDependencies) = postProject
		{BC82A09D-70F4-302C-BE73-C4AEC37C535E} = {BC82A09D-70F4-302C-BE73-C4AEC37C535E}
	EndProjectSection
EndProject
Global
	GlobalSection(SolutionConfigurationPlatforms) = preSolution
		Debug|Win32 = Debug|Win32
		Release|Win32 = Release|Win32
		MinSizeRel|Win32 = MinSizeRel|Win32
		RelWithDebInfo|Win32 = RelWithDebInfo|Win32
	EndGlobalSection
	GlobalSection(ProjectConfigurationPlatforms) = postSolution
		{88EDBD66-4A45-375D-933D-4883B8914BB7}.Debug|Win32.ActiveCfg = Debug|Win32
		{88EDBD66-4A45-375D-933D-4883B8914BB7}.Debug|Win32.Build.0 = Debug|Win32
		{88EDBD66-4A45-375D-933D-4883B8914BB7}.Release|Win32.ActiveCfg = Release|Win32
		{88EDBD66-4A45-375D-933D-4883B8914BB7}.Release|Win32.Build.0 = Release|Win32
		{88EDBD66-4A45-375D-933D-4883B8914BB7}.MinSizeRel|Win32.ActiveCfg = MinSizeRel|Win32
		{88EDBD66-4A45-375D-933D-4883B8914BB7}.MinSizeRel|Win32.Build.0 = MinSizeRel|Win32
		{88EDBD66-4A45-375D-933D-4883B8914BB7}.RelWithDebInfo|Win32.ActiveCfg = RelWithDebInfo|Win32
		{88EDBD66-4A45-375D-933D-4883B8914BB7}.RelWithDebInfo|Win32.Build.0 = RelWithDebInfo|Win32
		{407FC197-DA10-3826-9AD5-99E723380072}.Debug|Win32.ActiveCfg = Debug|Win32
		{407FC197-DA10-3826-9AD5-99E723380072}.Release|Win32.ActiveCfg = Release|Win32
		{407FC197-DA10-3826-9AD5-99E723380072}.MinSizeRel|Win32.ActiveCfg = MinSizeRel|Win32
		{407FC197-DA10-3826-9AD5-99E723380072}.RelWithDebInfo|Win32.ActiveCfg = RelWithDebInfo|Win32
		{356C0B46-4EAF-35CE-8570-21F9DFE590B5}.Debug|Win32.ActiveCfg = Debug|Win32
		{356C0B46-4EAF-35CE-8570-21F9DFE590B5}.Release|Win32.ActiveCfg = Release|Win32
		{356C0B46-4EAF-35CE-8570-21F9DFE590B5}.MinSizeRel|Win32.ActiveCfg = MinSizeRel|Win32
		{356C0B46-4EAF-35CE-8570-21F9DFE590B5}.RelWithDebInfo|Win32.ActiveCfg = RelWithDebInfo|Win32
		{DB5D9468-98CE-3D0D-B83F-5E3FBA02CABB}.Debug|Win32.ActiveCfg = Debug|Win32
		{DB5D9468-98CE-3D0D-B83F-5E3FBA02CABB}.Release|Win32.ActiveCfg = Release|Win32
		{DB5D9468-98CE-3D0D-B83F-5E3FBA02CABB}.MinSizeRel|Win32.ActiveCfg = MinSizeRel|Win32
		{DB5D9468-98CE-3D0D-B83F-5E3FBA02CABB}.RelWithDebInfo|Win32.ActiveCfg = RelWithDebInfo|Win32
		{80243B10-A900-3D5A-B4FC-EF78B24A2818}.Debug|Win32.ActiveCfg = Debug|Win32
		{80243B10-A900-3D5A-B4FC-EF78B24A2818}.Release|Win32.ActiveCfg = Release|Win32
		{80243B10-A900-3D5A-B4FC-EF78B24A2818}.MinSizeRel|Win32.ActiveCfg = MinSizeRel|Win32
		{80243B10-A900-3D5A-B4FC-EF78B24A2818}.RelWithDebInfo|Win32.ActiveCfg = RelWithDebInfo|Win32
		{027BA188-C777-31A4-B6A1-4999B364456A}.Debug|Win32.ActiveCfg = Debug|Win32
		{027BA188-C777-31A4-B6A1-4999B364456A}.Release|Win32.ActiveCfg = Release|Win32
		{027BA188-C777-31A4-B6A1-4999B364456A}.MinSizeRel|Win32.ActiveCfg = MinSizeRel|Win32
		{027BA188-C777-31A4-B6A1-4999B364456A}.RelWithDebInfo|Win32.ActiveCfg = RelWithDebInfo|Win32
		{897BBF89-1941-395B-B861-DC19DF3CF29A}.Debug|Win32.ActiveCfg = Debug|Win32
		{897BBF89-1941-395B-B861-DC19DF3CF29A}.Release|Win32.ActiveCfg = Release|Win32
		{897BBF89-1941-395B-B861-DC19DF3CF29A}.MinSizeRel|Win32.ActiveCfg = MinSizeRel|Win32
		{897BBF89-1941-395B-B861-DC19DF3CF29A}.RelWithDebInfo|Win32.ActiveCfg = RelWithDebInfo|Win32
		{D19BCA6B-F3FC-3DED-A020-F21AD0147AC2}.Debug|Win32.ActiveCfg = Debug|Win32
		{D19BCA6B-F3FC-3DED-A020-F21AD0147AC2}.Release|Win32.ActiveCfg = Release|Win32
		{D19BCA6B-F3FC-3DED-A020-F21AD0147AC2}.MinSizeRel|Win32.ActiveCfg = MinSizeRel|Win32
		{D19BCA6B-F3FC-3DED-A020-F21AD0147AC2}.RelWithDebInfo|Win32.ActiveCfg = RelWithDebInfo|Win32
		{BC82A09D-70F4-302C-BE73-C4AEC37C535E}.Debug|Win32.ActiveCfg = Debug|Win32
		{BC82A09D-70F4-302C-BE73-C4AEC37C535E}.Debug|Win32.Build.0 = Debug|Win32
		{BC82A09D-70F4-302C-BE73-C4AEC37C535E}.Release|Win32.ActiveCfg = Release|Win32
		{BC82A09D-70F4-302C-BE73-C4AEC37C535E}.Release|Win32.Build.0 = Release|Win32
		{BC82A09D-70F4-302C-BE73-C4AEC37C535E}.MinSizeRel|Win32.ActiveCfg = MinSizeRel|Win32
		{BC82A09D-70F4-302C-BE73-C4AEC37C535E}.MinSizeRel|Win32.Build.0 = MinSizeRel|Win32
		{BC82A09D-70F4-302C-BE73-C4AEC37C535E}.RelWithDebInfo|Win32.ActiveCfg = RelWithDebInfo|Win32
		{BC82A09D-70F4-302C-BE73-C4AEC37C535E}.RelWithDebInfo|Win32.Build.0 = RelWithDebInfo|Win32
		{A6688518-65E5-33DC-A5D8-AA63764E0988}.Debug|Win32.ActiveCfg = Debug|Win32
		{A6688518-65E5-33DC-A5D8-AA63764E0988}.Debug|Win32.Build.0 = Debug|Win32
		{A6688518-65E5-33DC-A5D8-AA63764E0988}.Release|Win32.ActiveCfg = Release|Win32
		{A6688518-65E5-33DC-A5D8-AA63764E0988}.Release|Win32.Build.0 = Release|Win32
		{A6688518-65E5-33DC-A5D8-AA63764E0988}.MinSizeRel|Win32.ActiveCfg = MinSizeRel|Win32
		{A6688518-65E5-33DC-A5D8-AA63764E0988}.MinSizeRel|Win32.Build.0 = MinSizeRel|Win32
		{A6688518-65E5-33DC-A5D8-AA63764E0988}.RelWithDebInfo|Win32.ActiveCfg = RelWithDebInfo|Win32
		{A6688518-65E5-33DC-A5D8-AA63764E0988}.RelWithDebInfo|Win32.Build.0 = RelWithDebInfo|Win32
		{5D90A1F3-2ACA-3FB3-B99C-C1CB53FB9A78}.Debug|Win32.ActiveCfg = Debug|Win32
		{5D90A1F3-2ACA-3FB3-B99C-C1CB53FB9A78}.Debug|Win32.Build.0 = Debug|Win32
		{5D90A1F3-2ACA-3FB3-B99C-C1CB53FB9A78}.Release|Win32.ActiveCfg = Release|Win32
		{5D90A1F3-2ACA-3FB3-B99C-C1CB53FB9A78}.Release|Win32.Build.0 = Release|Win32
		{5D90A1F3-2ACA-3FB3-B99C-C1CB53FB9A78}.MinSizeRel|Win32.ActiveCfg = MinSizeRel|Win32
		{5D90A1F3-2ACA-3FB3-B99C-C1CB53FB9A78}.MinSizeRel|Win32.Build.0 = MinSizeRel|Win32
		{5D90A1F3-2ACA-3FB3-B99C-C1CB53FB9A78}.RelWithDebInfo|Win32.ActiveCfg = RelWithDebInfo|Win32
		{5D90A1F3-2ACA-3FB3-B99C-C1CB53FB9A78}.RelWithDebInfo|Win32.Build.0 = RelWithDebInfo|Win32
		{1240E14D-2D90-3149-AD96-A97797849163}.Debug|Win32.ActiveCfg = Debug|Win32
		{1240E14D-2D90-3149-AD96-A97797849163}.Debug|Win32.Build.0 = Debug|Win32
		{1240E14D-2D90-3149-AD96-A97797849163}.Release|Win32.ActiveCfg = Release|Win32
		{1240E14D-2D90-3149-AD96-A97797849163}.Release|Win32.Build.0 = Release|Win32
		{1240E14D-2D90-3149-AD96-A97797849163}.MinSizeRel|Win32.ActiveCfg = MinSizeRel|Win32
		{1240E14D-2D90-3149-AD96-A97797849163}.MinSizeRel|Win32.Build.0 = MinSizeRel|Win32
		{1240E14D-2D90-3149-AD96-A97797849163}.RelWithDebInfo|Win32.ActiveCfg = RelWithDebInfo|Win32
		{1240E14D-2D90-3149-AD96-A97797849163}.RelWithDebInfo|Win32.Build.0 = RelWithDebInfo|Win32
		{C3A0AF70-A574-337B-9E60-7029C8F312B2}.Debug|Win32.ActiveCfg = Debug|Win32
		{C3A0AF70-A574-337B-9E60-7029C8F312B2}.Debug|Win32.Build.0 = Debug|Win32
		{C3A0AF70-A574-337B-9E60-7029C8F312B2}.Release|Win32.ActiveCfg = Release|Win32
		{C3A0AF70-A574-337B-9E60-7029C8F312B2}.Release|Win32.Build.0 = Release|Win32
		{C3A0AF70-A574-337B-9E60-7029C8F312B2}.MinSizeRel|Win32.ActiveCfg = MinSizeRel|Win32
		{C3A0AF70-A574-337B-9E60-7029C8F312B2}.MinSizeRel|Win32.Build.0 = MinSizeRel|Win32
		{C3A0AF70-A574-337B-9E60-7029C8F312B2}.RelWithDebInfo|Win32.ActiveCfg = RelWithDebInfo|Win32
		{C3A0AF70-A574-337B-9E60-7029C8F312B2}.RelWithDebInfo|Win32.Build.0 = RelWithDebInfo|Win32
		{34FB5A9C-D3A0-3D0B-9826-F876E924C26D}.Debug|Win32.ActiveCfg = Debug|Win32
		{34FB5A9C-D3A0-3D0B-9826-F876E924C26D}.Release|Win32.ActiveCfg = Release|Win32
		{34FB5A9C-D3A0-3D0B-9826-F876E924C26D}.MinSizeRel|Win32.ActiveCfg = MinSizeRel|Win32
		{34FB5A9C-D3A0-3D0B-9826-F876E924C26D}.RelWithDebInfo|Win32.ActiveCfg = RelWithDebInfo|Win32
		{75969388-D569-332D-B4C9-B87C574A0CF4}.Debug|Win32.ActiveCfg = Debug|Win32
		{75969388-D569-332D-B4C9-B87C574A0CF4}.Debug|Win32.Build.0 = Debug|Win32
		{75969388-D569-332D-B4C9-B87C574A0CF4}.Release|Win32.ActiveCfg = Release|Win32
		{75969388-D569-332D-B4C9-B87C574A0CF4}.Release|Win32.Build.0 = Release|Win32
		{75969388-D569-332D-B4C9-B87C574A0CF4}.MinSizeRel|Win32.ActiveCfg = MinSizeRel|Win32
		{75969388-D569-332D-B4C9-B87C574A0CF4}.MinSizeRel|Win32.Build.0 = MinSizeRel|Win32
		{75969388-D569-332D-B4C9-B87C574A0CF4}.RelWithDebInfo|Win32.ActiveCfg = RelWithDebInfo|Win32
		{75969388-D569-332D-B4C9-B87C574A0CF4}.RelWithDebInfo|Win32.Build.0 = RelWithDebInfo|Win32
		{EC993E0F-C8DA-3D78-8243-DE437F0887E9}.Debug|Win32.ActiveCfg = Debug|Win32
		{EC993E0F-C8DA-3D78-8243-DE437F0887E9}.Debug|Win32.Build.0 = Debug|Win32
		{EC993E0F-C8DA-3D78-8243-DE437F0887E9}.Release|Win32.ActiveCfg = Release|Win32
		{EC993E0F-C8DA-3D78-8243-DE437F0887E9}.Release|Win32.Build.0 = Release|Win32
		{EC993E0F-C8DA-3D78-8243-DE437F0887E9}.MinSizeRel|Win32.ActiveCfg = MinSizeRel|Win32
		{EC993E0F-C8DA-3D78-8243-DE437F0887E9}.MinSizeRel|Win32.Build.0 = MinSizeRel|Win32
		{EC993E0F-C8DA-3D78-8243-DE437F0887E9}.RelWithDebInfo|Win32.ActiveCfg = RelWithDebInfo|Win32
		{EC993E0F-C8DA-3D78-8243-DE437F0887E9}.RelWithDebInfo|Win32.Build.0 = RelWithDebInfo|Win32
		{071B823C-C629-35F7-B3E7-33D999CFAB92}.Debug|Win32.ActiveCfg = Debug|Win32
		{071B823C-C629-35F7-B3E7-33D999CFAB92}.Debug|Win32.Build.0 = Debug|Win32
		{071B823C-C629-35F7-B3E7-33D999CFAB92}.Release|Win32.ActiveCfg = Release|Win32
		{071B823C-C629-35F7-B3E7-33D999CFAB92}.Release|Win32.Build.0 = Release|Win32
		{071B823C-C629-35F7-B3E7-33D999CFAB92}.MinSizeRel|Win32.ActiveCfg = MinSizeRel|Win32
		{071B823C-C629-35F7-B3E7-33D999CFAB92}.MinSizeRel|Win32.Build.0 = MinSizeRel|Win32
		{071B823C-C629-35F7-B3E7-33D999CFAB92}.RelWithDebInfo|Win32.ActiveCfg = RelWithDebInfo|Win32
		{071B823C-C629-35F7-B3E7-33D999CFAB92}.RelWithDebInfo|Win32.Build.0 = RelWithDebInfo|Win32
		{9C023907-70D0-3737-B95F-2B57D59F13B4}.Debug|Win32.ActiveCfg = Debug|Win32
		{9C023907-70D0-3737-B95F-2B57D59F13B4}.Debug|Win32.Build.0 = Debug|Win32
		{9C023907-70D0-3737-B95F-2B57D59F13B4}.Release|Win32.ActiveCfg = Release|Win32
		{9C023907-70D0-3737-B95F-2B57D59F13B4}.Release|Win32.Build.0 = Release|Win32
		{9C023907-70D0-3737-B95F-2B57D59F13B4}.MinSizeRel|Win32.ActiveCfg = MinSizeRel|Win32
		{9C023907-70D0-3737-B95F-2B57D59F13B4}.MinSizeRel|Win32.Build.0 = MinSizeRel|Win32
		{9C023907-70D0-3737-B95F-2B57D59F13B4}.RelWithDebInfo|Win32.ActiveCfg = RelWithDebInfo|Win32
		{9C023907-70D0-3737-B95F-2B57D59F13B4}.RelWithDebInfo|Win32.Build.0 = RelWithDebInfo|Win32
		{E3543449-9268-3388-821A-F744A9A1A69F}.Debug|Win32.ActiveCfg = Debug|Win32
		{E3543449-9268-3388-821A-F744A9A1A69F}.Debug|Win32.Build.0 = Debug|Win32
		{E3543449-9268-3388-821A-F744A9A1A69F}.Release|Win32.ActiveCfg = Release|Win32
		{E3543449-9268-3388-821A-F744A9A1A69F}.Release|Win32.Build.0 = Release|Win32
		{E3543449-9268-3388-821A-F744A9A1A69F}.MinSizeRel|Win32.ActiveCfg = MinSizeRel|Win32
		{E3543449-9268-3388-821A-F744A9A1A69F}.MinSizeRel|Win32.Build.0 = MinSizeRel|Win32
		{E3543449-9268-3388-821A-F744A9A1A69F}.RelWithDebInfo|Win32.ActiveCfg = RelWithDebInfo|Win32
		{E3543449-9268-3388-821A-F744A9A1A69F}.RelWithDebInfo|Win32.Build.0 = RelWithDebInfo|Win32
		{8FB4C1E3-7BC0-3451-B46B-A2686B4727D4}.Debug|Win32.ActiveCfg = Debug|Win32
		{8FB4C1E3-7BC0-3451-B46B-A2686B4727D4}.Debug|Win32.Build.0 = Debug|Win32
		{8FB4C1E3-7BC0-3451-B46B-A2686B4727D4}.Release|Win32.ActiveCfg = Release|Win32
		{8FB4C1E3-7BC0-3451-B46B-A2686B4727D4}.Release|Win32.Build.0 = Release|Win32
		{8FB4C1E3-7BC0-3451-B46B-A2686B4727D4}.MinSizeRel|Win32.ActiveCfg = MinSizeRel|Win32
		{8FB4C1E3-7BC0-3451-B46B-A2686B4727D4}.MinSizeRel|Win32.Build.0 = MinSizeRel|Win32
		{8FB4C1E3-7BC0-3451-B46B-A2686B4727D4}.RelWithDebInfo|Win32.ActiveCfg = RelWithDebInfo|Win32
		{8FB4C1E3-7BC0-3451-B46B-A2686B4727D4}.RelWithDebInfo|Win32.Build.0 = RelWithDebInfo|Win32
		{9CE41D98-A79E-302B-A6DB-CDCB63125475}.Debug|Win32.ActiveCfg = Debug|Win32
		{9CE41D98-A79E-302B-A6DB-CDCB63125475}.Debug|Win32.Build.0 = Debug|Win32
		{9CE41D98-A79E-302B-A6DB-CDCB63125475}.Release|Win32.ActiveCfg = Release|Win32
		{9CE41D98-A79E-302B-A6DB-CDCB63125475}.Release|Win32.Build.0 = Release|Win32
		{9CE41D98-A79E-302B-A6DB-CDCB63125475}.MinSizeRel|Win32.ActiveCfg = MinSizeRel|Win32
		{9CE41D98-A79E-302B-A6DB-CDCB63125475}.MinSizeRel|Win32.Build.0 = MinSizeRel|Win32
		{9CE41D98-A79E-302B-A6DB-CDCB63125475}.RelWithDebInfo|Win32.ActiveCfg = RelWithDebInfo|Win32
		{9CE41D98-A79E-302B-A6DB-CDCB63125475}.RelWithDebInfo|Win32.Build.0 = RelWithDebInfo|Win32
		{E10C3B10-203C-3543-8C73-19FA54B58711}.Debug|Win32.ActiveCfg = Debug|Win32
		{E10C3B10-203C-3543-8C73-19FA54B58711}.Debug|Win32.Build.0 = Debug|Win32
		{E10C3B10-203C-3543-8C73-19FA54B58711}.Release|Win32.ActiveCfg = Release|Win32
		{E10C3B10-203C-3543-8C73-19FA54B58711}.Release|Win32.Build.0 = Release|Win32
		{E10C3B10-203C-3543-8C73-19FA54B58711}.MinSizeRel|Win32.ActiveCfg = MinSizeRel|Win32
		{E10C3B10-203C-3543-8C73-19FA54B58711}.MinSizeRel|Win32.Build.0 = MinSizeRel|Win32
		{E10C3B10-203C-3543-8C73-19FA54B58711}.RelWithDebInfo|Win32.ActiveCfg = RelWithDebInfo|Win32
		{E10C3B10-203C-3543-8C73-19FA54B58711}.RelWithDebInfo|Win32.Build.0 = RelWithDebInfo|Win32
		{C3ECB059-CE83-31B7-B9ED-F55844E23F42}.Debug|Win32.ActiveCfg = Debug|Win32
		{C3ECB059-CE83-31B7-B9ED-F55844E23F42}.Debug|Win32.Build.0 = Debug|Win32
		{C3ECB059-CE83-31B7-B9ED-F55844E23F42}.Release|Win32.ActiveCfg = Release|Win32
		{C3ECB059-CE83-31B7-B9ED-F55844E23F42}.Release|Win32.Build.0 = Release|Win32
		{C3ECB059-CE83-31B7-B9ED-F55844E23F42}.MinSizeRel|Win32.ActiveCfg = MinSizeRel|Win32
		{C3ECB059-CE83-31B7-B9ED-F55844E23F42}.MinSizeRel|Win32.Build.0 = MinSizeRel|Win32
		{C3ECB059-CE83-31B7-B9ED-F55844E23F42}.RelWithDebInfo|Win32.ActiveCfg = RelWithDebInfo|Win32
		{C3ECB059-CE83-31B7-B9ED-F55844E23F42}.RelWithDebInfo|Win32.Build.0 = RelWithDebInfo|Win32
		{451BB8B9-4B76-3C5C-A665-EA674B528575}.Debug|Win32.ActiveCfg = Debug|Win32
		{451BB8B9-4B76-3C5C-A665-EA674B528575}.Debug|Win32.Build.0 = Debug|Win32
		{451BB8B9-4B76-3C5C-A665-EA674B528575}.Release|Win32.ActiveCfg = Release|Win32
		{451BB8B9-4B76-3C5C-A665-EA674B528575}.Release|Win32.Build.0 = Release|Win32
		{451BB8B9-4B76-3C5C-A665-EA674B528575}.MinSizeRel|Win32.ActiveCfg = MinSizeRel|Win32
		{451BB8B9-4B76-3C5C-A665-EA674B528575}.MinSizeRel|Win32.Build.0 = MinSizeRel|Win32
		{451BB8B9-4B76-3C5C-A665-EA674B528575}.RelWithDebInfo|Win32.ActiveCfg = RelWithDebInfo|Win32
		{451BB8B9-4B76-3C5C-A665-EA674B528575}.RelWithDebInfo|Win32.Build.0 = RelWithDebInfo|Win32
		{F6A61BD6-485A-3D4D-A724-63CB207ED881}.Debug|Win32.ActiveCfg = Debug|Win32
		{F6A61BD6-485A-3D4D-A724-63CB207ED881}.Debug|Win32.Build.0 = Debug|Win32
		{F6A61BD6-485A-3D4D-A724-63CB207ED881}.Release|Win32.ActiveCfg = Release|Win32
		{F6A61BD6-485A-3D4D-A724-63CB207ED881}.Release|Win32.Build.0 = Release|Win32
		{F6A61BD6-485A-3D4D-A724-63CB207ED881}.MinSizeRel|Win32.ActiveCfg = MinSizeRel|Win32
		{F6A61BD6-485A-3D4D-A724-63CB207ED881}.MinSizeRel|Win32.Build.0 = MinSizeRel|Win32
		{F6A61BD6-485A-3D4D-A724-63CB207ED881}.RelWithDebInfo|Win32.ActiveCfg = RelWithDebInfo|Win32
		{F6A61BD6-485A-3D4D-A724-63CB207ED881}.RelWithDebInfo|Win32.Build.0 = RelWithDebInfo|Win32
		{A3DCE166-3700-3CAB-84FD-ABCB0DFBD24F}.Debug|Win32.ActiveCfg = Debug|Win32
		{A3DCE166-3700-3CAB-84FD-ABCB0DFBD24F}.Debug|Win32.Build.0 = Debug|Win32
		{A3DCE166-3700-3CAB-84FD-ABCB0DFBD24F}.Release|Win32.ActiveCfg = Release|Win32
		{A3DCE166-3700-3CAB-84FD-ABCB0DFBD24F}.Release|Win32.Build.0 = Release|Win32
		{A3DCE166-3700-3CAB-84FD-ABCB0DFBD24F}.MinSizeRel|Win32.ActiveCfg = MinSizeRel|Win32
		{A3DCE166-3700-3CAB-84FD-ABCB0DFBD24F}.MinSizeRel|Win32.Build.0 = MinSizeRel|Win32
		{A3DCE166-3700-3CAB-84FD-ABCB0DFBD24F}.RelWithDebInfo|Win32.ActiveCfg = RelWithDebInfo|Win32
		{A3DCE166-3700-3CAB-84FD-ABCB0DFBD24F}.RelWithDebInfo|Win32.Build.0 = RelWithDebInfo|Win32
		{79A818CA-DA6D-3E03-8C30-2E2186A212A4}.Debug|Win32.ActiveCfg = Debug|Win32
		{79A818CA-DA6D-3E03-8C30-2E2186A212A4}.Debug|Win32.Build.0 = Debug|Win32
		{79A818CA-DA6D-3E03-8C30-2E2186A212A4}.Release|Win32.ActiveCfg = Release|Win32
		{79A818CA-DA6D-3E03-8C30-2E2186A212A4}.Release|Win32.Build.0 = Release|Win32
		{79A818CA-DA6D-3E03-8C30-2E2186A212A4}.MinSizeRel|Win32.ActiveCfg = MinSizeRel|Win32
		{79A818CA-DA6D-3E03-8C30-2E2186A212A4}.MinSizeRel|Win32.Build.0 = MinSizeRel|Win32
		{79A818CA-DA6D-3E03-8C30-2E2186A212A4}.RelWithDebInfo|Win32.ActiveCfg = RelWithDebInfo|Win32
		{79A818CA-DA6D-3E03-8C30-2E2186A212A4}.RelWithDebInfo|Win32.Build.0 = RelWithDebInfo|Win32
		{7A848C8E-3B8C-33EF-A569-5BB0C2DE2F46}.Debug|Win32.ActiveCfg = Debug|Win32
		{7A848C8E-3B8C-33EF-A569-5BB0C2DE2F46}.Release|Win32.ActiveCfg = Release|Win32
		{7A848C8E-3B8C-33EF-A569-5BB0C2DE2F46}.MinSizeRel|Win32.ActiveCfg = MinSizeRel|Win32
		{7A848C8E-3B8C-33EF-A569-5BB0C2DE2F46}.RelWithDebInfo|Win32.ActiveCfg = RelWithDebInfo|Win32
		{C738990F-65D9-319C-A988-ADE0C301CC28}.Debug|Win32.ActiveCfg = Debug|Win32
		{C738990F-65D9-319C-A988-ADE0C301CC28}.Release|Win32.ActiveCfg = Release|Win32
		{C738990F-65D9-319C-A988-ADE0C301CC28}.MinSizeRel|Win32.ActiveCfg = MinSizeRel|Win32
		{C738990F-65D9-319C-A988-ADE0C301CC28}.RelWithDebInfo|Win32.ActiveCfg = RelWithDebInfo|Win32
	EndGlobalSection
	GlobalSection(NestedProjects) = preSolution
		{88EDBD66-4A45-375D-933D-4883B8914BB7} = {1D9796D2-F815-31DA-90C7-7A87674845A9}
		{DB5D9468-98CE-3D0D-B83F-5E3FBA02CABB} = {1D9796D2-F815-31DA-90C7-7A87674845A9}
		{897BBF89-1941-395B-B861-DC19DF3CF29A} = {1D9796D2-F815-31DA-90C7-7A87674845A9}
		{BC82A09D-70F4-302C-BE73-C4AEC37C535E} = {1D9796D2-F815-31DA-90C7-7A87674845A9}
		{407FC197-DA10-3826-9AD5-99E723380072} = {01564C93-8ADD-3C70-AF97-7E747E755F78}
		{356C0B46-4EAF-35CE-8570-21F9DFE590B5} = {01564C93-8ADD-3C70-AF97-7E747E755F78}
		{80243B10-A900-3D5A-B4FC-EF78B24A2818} = {01564C93-8ADD-3C70-AF97-7E747E755F78}
		{027BA188-C777-31A4-B6A1-4999B364456A} = {01564C93-8ADD-3C70-AF97-7E747E755F78}
	EndGlobalSection
	GlobalSection(ExtensibilityGlobals) = postSolution
		SolutionGuid = {84531220-4D09-3D13-8EE6-8DDFB304C113}
	EndGlobalSection
	GlobalSection(ExtensibilityAddIns) = postSolution
	EndGlobalSection
EndGlobal
