<?xml version="1.0" encoding="utf-8"?>
<Project ToolsVersion="17.0" xmlns="http://schemas.microsoft.com/developer/msbuild/2003">
  <ItemGroup>
    <CustomBuild Include="D:\estudio\libredwg-master\build_msvc\CMakeFiles\a28ef629643ed3bfff0cf42d824206fe\generate.stamp.rule">
      <Filter>CMake Rules</Filter>
    </CustomBuild>
  </ItemGroup>
  <ItemGroup>
    <Filter Include="CMake Rules">
      <UniqueIdentifier>{04D21CAB-CD9C-30FD-86BF-F798599A618B}</UniqueIdentifier>
    </Filter>
  </ItemGroup>
</Project>
